
Microsoft Visual Studio Solution File, Format Version 12.00
# Visual Studio 15
VisualStudioVersion = 15.0.28307.329
MinimumVisualStudioVersion = 10.0.40219.1
Project("{FAE04EC0-301F-11D3-BF4B-00C04F79EFBC}") = "ConsoleApp52", "ConsoleApp52\ConsoleApp52.csproj", "{97F4FF1B-4931-459B-AB8D-B61F59EF9373}"
EndProject
Global
	GlobalSection(SolutionConfigurationPlatforms) = preSolution
		Debug|Any CPU = Debug|Any CPU
		Release|Any CPU = Release|Any CPU
	EndGlobalSection
	GlobalSection(ProjectConfigurationPlatforms) = postSolution
		{97F4FF1B-4931-459B-AB8D-B61F59EF9373}.Debug|Any CPU.ActiveCfg = Debug|Any CPU
		{97F4FF1B-4931-459B-AB8D-B61F59EF9373}.Debug|Any CPU.Build.0 = Debug|Any CPU
		{97F4FF1B-4931-459B-AB8D-B61F59EF9373}.Release|Any CPU.ActiveCfg = Release|Any CPU
		{97F4FF1B-4931-459B-AB8D-B61F59EF9373}.Release|Any CPU.Build.0 = Release|Any CPU
	EndGlobalSection
	GlobalSection(SolutionProperties) = preSolution
		HideSolutionNode = FALSE
	EndGlobalSection
	GlobalSection(ExtensibilityGlobals) = postSolution
		SolutionGuid = {18177E0C-67F9-4CC4-8625-1925A6FF215E}
	EndGlobalSection
EndGlobal
